
Microsoft Visual Studio Solution File, Format Version 12.00
# Visual Studio Version 17
VisualStudioVersion = 17.6.33723.286
MinimumVisualStudioVersion = 10.0.40219.1
Project("{FAE04EC0-301F-11D3-BF4B-00C04F79EFBC}") = "Nr4_Organizator", "Nr4_Organizator\Nr4_Organizator.csproj", "{78932907-CC53-4AED-B775-B7CE4EC8DBFA}"
EndProject
Global
	GlobalSection(SolutionConfigurationPlatforms) = preSolution
		Debug|Any CPU = Debug|Any CPU
		Release|Any CPU = Release|Any CPU
	EndGlobalSection
	GlobalSection(ProjectConfigurationPlatforms) = postSolution
		{78932907-CC53-4AED-B775-B7CE4EC8DBFA}.Debug|Any CPU.ActiveCfg = Debug|Any CPU
		{78932907-CC53-4AED-B775-B7CE4EC8DBFA}.Debug|Any CPU.Build.0 = Debug|Any CPU
		{78932907-CC53-4AED-B775-B7CE4EC8DBFA}.Release|Any CPU.ActiveCfg = Release|Any CPU
		{78932907-CC53-4AED-B775-B7CE4EC8DBFA}.Release|Any CPU.Build.0 = Release|Any CPU
	EndGlobalSection
	GlobalSection(SolutionProperties) = preSolution
		HideSolutionNode = FALSE
	EndGlobalSection
	GlobalSection(ExtensibilityGlobals) = postSolution
		SolutionGuid = {B48086E4-9BC6-4A61-B968-68EE8F7342BA}
	EndGlobalSection
EndGlobal
